
Microsoft Visual Studio Solution File, Format Version 12.00
# Visual Studio Version 17
VisualStudioVersion = 17.0.31903.59
MinimumVisualStudioVersion = 10.0.40219.1
Project("{FAE04EC0-301F-11D3-BF4B-00C04F79EFBC}") = "ColorSpheres", "ColorSpheres\ColorSpheres.csproj", "{6800860F-9E33-42F0-BCFC-353EAA4A2C0C}"
EndProject
Project("{FAE04EC0-301F-11D3-BF4B-00C04F79EFBC}") = "BetterColorSpheres", "BetterColorSpheres\BetterColorSpheres.csproj", "{2B4A76AF-8054-4EF8-9D6D-12B576F9548D}"
EndProject
Project("{FAE04EC0-301F-11D3-BF4B-00C04F79EFBC}") = "PlayerStats", "PlayerStats\PlayerStats.csproj", "{04148B41-E420-4FDD-825A-8FD6BCAC615B}"
EndProject
Project("{FAE04EC0-301F-11D3-BF4B-00C04F79EFBC}") = "MyRPG", "MyRPG\MyRPG.csproj", "{91492191-33D0-4E6E-B8DF-8EA2DD8D4655}"
EndProject
Global
	GlobalSection(SolutionConfigurationPlatforms) = preSolution
		Debug|Any CPU = Debug|Any CPU
		Release|Any CPU = Release|Any CPU
	EndGlobalSection
	GlobalSection(SolutionProperties) = preSolution
		HideSolutionNode = FALSE
	EndGlobalSection
	GlobalSection(ProjectConfigurationPlatforms) = postSolution
		{6800860F-9E33-42F0-BCFC-353EAA4A2C0C}.Debug|Any CPU.ActiveCfg = Debug|Any CPU
		{6800860F-9E33-42F0-BCFC-353EAA4A2C0C}.Debug|Any CPU.Build.0 = Debug|Any CPU
		{6800860F-9E33-42F0-BCFC-353EAA4A2C0C}.Release|Any CPU.ActiveCfg = Release|Any CPU
		{6800860F-9E33-42F0-BCFC-353EAA4A2C0C}.Release|Any CPU.Build.0 = Release|Any CPU
		{2B4A76AF-8054-4EF8-9D6D-12B576F9548D}.Debug|Any CPU.ActiveCfg = Debug|Any CPU
		{2B4A76AF-8054-4EF8-9D6D-12B576F9548D}.Debug|Any CPU.Build.0 = Debug|Any CPU
		{2B4A76AF-8054-4EF8-9D6D-12B576F9548D}.Release|Any CPU.ActiveCfg = Release|Any CPU
		{2B4A76AF-8054-4EF8-9D6D-12B576F9548D}.Release|Any CPU.Build.0 = Release|Any CPU
		{04148B41-E420-4FDD-825A-8FD6BCAC615B}.Debug|Any CPU.ActiveCfg = Debug|Any CPU
		{04148B41-E420-4FDD-825A-8FD6BCAC615B}.Debug|Any CPU.Build.0 = Debug|Any CPU
		{04148B41-E420-4FDD-825A-8FD6BCAC615B}.Release|Any CPU.ActiveCfg = Release|Any CPU
		{04148B41-E420-4FDD-825A-8FD6BCAC615B}.Release|Any CPU.Build.0 = Release|Any CPU
		{91492191-33D0-4E6E-B8DF-8EA2DD8D4655}.Debug|Any CPU.ActiveCfg = Debug|Any CPU
		{91492191-33D0-4E6E-B8DF-8EA2DD8D4655}.Debug|Any CPU.Build.0 = Debug|Any CPU
		{91492191-33D0-4E6E-B8DF-8EA2DD8D4655}.Release|Any CPU.ActiveCfg = Release|Any CPU
		{91492191-33D0-4E6E-B8DF-8EA2DD8D4655}.Release|Any CPU.Build.0 = Release|Any CPU
	EndGlobalSection
EndGlobal
